<?xml version="1.0" encoding="utf-8"?>
<Project ToolsVersion="4.0" xmlns="http://schemas.microsoft.com/developer/msbuild/2003">
  <ItemGroup>
    <Filter Include="Source Files">
      <UniqueIdentifier>{4FC737F1-C7A5-4376-A066-2A32D752A2FF}</UniqueIdentifier>
      <Extensions>cpp;c;cc;cxx;def;odl;idl;hpj;bat;asm;asmx</Extensions>
    </Filter>
    <Filter Include="Header Files">
      <UniqueIdentifier>{93995380-89BD-4b04-88EB-625FBE52EBFB}</UniqueIdentifier>
      <Extensions>h;hh;hpp;hxx;hm;inl;inc;ipp;xsd</Extensions>
    </Filter>
    <Filter Include="Resource Files">
      <UniqueIdentifier>{67DA6AB6-F800-4c08-8B7A-83BB121AAD01}</UniqueIdentifier>
      <Extensions>rc;ico;cur;bmp;dlg;rc2;rct;bin;rgs;gif;jpg;jpeg;jpe;resx;tiff;tif;png;wav;mfcribbon-ms</Extensions>
    </Filter>
    <Filter Include="Shader">
      <UniqueIdentifier>{a9631129-1e4a-4b9a-b30c-bd1fbb9130c9}</UniqueIdentifier>
    </Filter>
  </ItemGroup>
  <ItemGroup>
    <ClCompile Include="..\src\glad.c">
      <Filter>Source Files</Filter>
    </ClCompile>
    <ClCompile Include="..\src\AOS.cpp">
      <Filter>Source Files</Filter>
    </ClCompile>
    <ClCompile Include="..\src\image.cpp">
      <Filter>Source Files</Filter>
    </ClCompile>
    <ClCompile Include="..\src\utils.cpp">
      <Filter>Source Files</Filter>
    </ClCompile>
    <ClCompile Include="..\src\AOSGenerator.cpp">
      <Filter>Source Files</Filter>
    </ClCompile>
    <ClCompile Include="..\src\main.cpp">
      <Filter>Source Files</Filter>
    </ClCompile>
    <ClCompile Include="..\src\gl_utils.cpp">
      <Filter>Source Files</Filter>
    </ClCompile>
  </ItemGroup>
  <ItemGroup>
    <ClInclude Include="..\include\AOS.h">
      <Filter>Header Files</Filter>
    </ClInclude>
    <ClInclude Include="..\include\learnopengl\camera.h">
      <Filter>Header Files</Filter>
    </ClInclude>
    <ClInclude Include="..\include\learnopengl\filesystem.h">
      <Filter>Header Files</Filter>
    </ClInclude>
    <ClInclude Include="..\include\learnopengl\mesh.h">
      <Filter>Header Files</Filter>
    </ClInclude>
    <ClInclude Include="..\include\learnopengl\model.h">
      <Filter>Header Files</Filter>
    </ClInclude>
    <ClInclude Include="..\include\learnopengl\shader.h">
      <Filter>Header Files</Filter>
    </ClInclude>
    <ClInclude Include="..\include\learnopengl\shader_m.h">
      <Filter>Header Files</Filter>
    </ClInclude>
    <ClInclude Include="..\include\learnopengl\shader_s.h">
      <Filter>Header Files</Filter>
    </ClInclude>
    <ClInclude Include="..\include\image.h">
      <Filter>Header Files</Filter>
    </ClInclude>
    <ClInclude Include="..\include\utils.h">
      <Filter>Header Files</Filter>
    </ClInclude>
    <ClInclude Include="..\include\gl_utils.h">
      <Filter>Header Files</Filter>
    </ClInclude>
    <ClInclude Include="..\include\AOSGenerator.h">
      <Filter>Header Files</Filter>
    </ClInclude>
  </ItemGroup>
  <ItemGroup>
    <None Include="..\shader\deferred_project_image.fs.glsl">
      <Filter>Shader</Filter>
    </None>
    <None Include="..\shader\deferred_project_image.vs.glsl">
      <Filter>Shader</Filter>
    </None>
    <None Include="..\shader\g_buffer.fs.glsl">
      <Filter>Shader</Filter>
    </None>
    <None Include="..\shader\g_buffer.vs.glsl">
      <Filter>Shader</Filter>
    </None>
    <None Include="..\shader\project_image.fs.glsl">
      <Filter>Shader</Filter>
    </None>
    <None Include="..\shader\project_image.vs.glsl">
      <Filter>Shader</Filter>
    </None>
    <None Include="..\shader\show_fbo.fs.glsl">
      <Filter>Shader</Filter>
    </None>
    <None Include="..\shader\show_fbo.vs.glsl">
      <Filter>Shader</Filter>
    </None>
    <None Include="..\shader\world_pos.fs.glsl">
      <Filter>Shader</Filter>
    </None>
  </ItemGroup>
</Project>